{
    "version": 3,
    "terraform_version": "0.11.10",
    "serial": 11,
    "lineage": "2df2a8e5-641e-444d-7215-2d907757737a",
    "modules": [
        {
            "path": [
                "root"
            ],
            "outputs": {},
            "resources": {
                "data.nsxt_edge_cluster.EDGE-CLUSTER": {
                    "type": "nsxt_edge_cluster",
                    "depends_on": [],
                    "primary": {
                        "id": "6de6d676-eb5d-477f-84f9-c9ed243f02d9",
                        "attributes": {
                            "deployment_type": "VIRTUAL_MACHINE",
                            "description": "",
                            "display_name": "edge-cluster-1",
                            "id": "6de6d676-eb5d-477f-84f9-c9ed243f02d9",
                            "member_node_type": "EDGE_NODE"
                        },
                        "meta": {},
                        "tainted": false
                    },
                    "deposed": [],
                    "provider": "provider.nsxt"
                },
                "data.nsxt_logical_tier0_router.T0": {
                    "type": "nsxt_logical_tier0_router",
                    "depends_on": [],
                    "primary": {
                        "id": "14a6e6ca-10e8-4365-a64d-3f81f41c2955",
                        "attributes": {
                            "description": "NSX-T T0 Logical Router",
                            "display_name": "t0-pks",
                            "edge_cluster_id": "6de6d676-eb5d-477f-84f9-c9ed243f02d9",
                            "high_availability_mode": "ACTIVE_STANDBY",
                            "id": "14a6e6ca-10e8-4365-a64d-3f81f41c2955"
                        },
                        "meta": {},
                        "tainted": false
                    },
                    "deposed": [],
                    "provider": "provider.nsxt"
                },
                "data.nsxt_transport_zone.TZ-OVERLAY": {
                    "type": "nsxt_transport_zone",
                    "depends_on": [],
                    "primary": {
                        "id": "26c32dbf-8a85-4365-9557-ad5fbe53febb",
                        "attributes": {
                            "description": "NSX OVERLAY Transport Zone",
                            "display_name": "overlay-tz",
                            "host_switch_name": "hostswitch-overlay",
                            "id": "26c32dbf-8a85-4365-9557-ad5fbe53febb",
                            "transport_type": "OVERLAY"
                        },
                        "meta": {},
                        "tainted": false
                    },
                    "deposed": [],
                    "provider": "provider.nsxt"
                },
                "nsxt_lb_fast_tcp_application_profile.timeout_60": {
                    "type": "nsxt_lb_fast_tcp_application_profile",
                    "depends_on": [],
                    "primary": {
                        "id": "3c8863c6-a141-43be-ab82-09796e771fc5",
                        "attributes": {
                            "close_timeout": "60",
                            "description": "",
                            "display_name": "3c8863c6-a141-43be-ab82-09796e771fc5",
                            "ha_flow_mirroring": "false",
                            "id": "3c8863c6-a141-43be-ab82-09796e771fc5",
                            "idle_timeout": "60",
                            "revision": "0",
                            "tag.#": "0"
                        },
                        "meta": {},
                        "tainted": false
                    },
                    "deposed": [],
                    "provider": "provider.nsxt"
                },
                "nsxt_lb_pool.kube_api": {
                    "type": "nsxt_lb_pool",
                    "depends_on": [],
                    "primary": {
                        "id": "a24f5840-dfd3-4310-8c6d-613a80bed7ff",
                        "attributes": {
                            "active_monitor_id": "",
                            "algorithm": "LEAST_CONNECTION",
                            "description": "",
                            "display_name": "a24f5840-dfd3-4310-8c6d-613a80bed7ff",
                            "id": "a24f5840-dfd3-4310-8c6d-613a80bed7ff",
                            "member.#": "3",
                            "member.0.admin_state": "ENABLED",
                            "member.0.backup_member": "false",
                            "member.0.display_name": "",
                            "member.0.ip_address": "192.168.77.11",
                            "member.0.max_concurrent_connections": "0",
                            "member.0.port": "6443",
                            "member.0.weight": "1",
                            "member.1.admin_state": "ENABLED",
                            "member.1.backup_member": "false",
                            "member.1.display_name": "",
                            "member.1.ip_address": "192.168.77.12",
                            "member.1.max_concurrent_connections": "0",
                            "member.1.port": "6443",
                            "member.1.weight": "1",
                            "member.2.admin_state": "ENABLED",
                            "member.2.backup_member": "false",
                            "member.2.display_name": "",
                            "member.2.ip_address": "192.168.77.13",
                            "member.2.max_concurrent_connections": "0",
                            "member.2.port": "6443",
                            "member.2.weight": "1",
                            "member_group.#": "0",
                            "min_active_members": "1",
                            "passive_monitor_id": "",
                            "revision": "0",
                            "snat_translation.#": "1",
                            "snat_translation.0.ip": "",
                            "snat_translation.0.port_overload": "0",
                            "snat_translation.0.type": "TRANSPARENT",
                            "tag.#": "0",
                            "tcp_multiplexing_enabled": "false",
                            "tcp_multiplexing_number": "6"
                        },
                        "meta": {},
                        "tainted": false
                    },
                    "deposed": [],
                    "provider": "provider.nsxt"
                },
                "nsxt_lb_service.lb_service": {
                    "type": "nsxt_lb_service",
                    "depends_on": [
                        "nsxt_lb_tcp_virtual_server.lb_virtual_server",
                        "nsxt_logical_router_link_port_on_tier1.KUBE_DP1",
                        "nsxt_logical_tier1_router.kube-lb"
                    ],
                    "primary": {
                        "id": "a9c60870-0f11-4d30-b1bf-fb11acedf495",
                        "attributes": {
                            "description": "lb_service provisioned by Terraform",
                            "display_name": "lb_service",
                            "enabled": "true",
                            "error_log_level": "INFO",
                            "id": "a9c60870-0f11-4d30-b1bf-fb11acedf495",
                            "logical_router_id": "fbbb92b3-e9dd-4fcc-bf4c-72312c9413f7",
                            "revision": "0",
                            "size": "SMALL",
                            "tag.#": "1",
                            "tag.2174870174.scope": "kube",
                            "tag.2174870174.tag": "api",
                            "virtual_server_ids.#": "1",
                            "virtual_server_ids.1606963124": "c2d3e737-a5e3-4c7f-89b2-dd7d29f632c9"
                        },
                        "meta": {},
                        "tainted": false
                    },
                    "deposed": [],
                    "provider": "provider.nsxt"
                },
                "nsxt_lb_source_ip_persistence_profile.ip_profile": {
                    "type": "nsxt_lb_source_ip_persistence_profile",
                    "depends_on": [],
                    "primary": {
                        "id": "6b30704a-10dc-4bd9-b50c-8aa092cb0197",
                        "attributes": {
                            "description": "",
                            "display_name": "source1",
                            "ha_persistence_mirroring": "false",
                            "id": "6b30704a-10dc-4bd9-b50c-8aa092cb0197",
                            "persistence_shared": "false",
                            "purge_when_full": "true",
                            "revision": "0",
                            "tag.#": "0",
                            "timeout": "300"
                        },
                        "meta": {},
                        "tainted": false
                    },
                    "deposed": [],
                    "provider": "provider.nsxt"
                },
                "nsxt_lb_tcp_virtual_server.lb_virtual_server": {
                    "type": "nsxt_lb_tcp_virtual_server",
                    "depends_on": [
                        "nsxt_lb_fast_tcp_application_profile.timeout_60",
                        "nsxt_lb_pool.kube_api",
                        "nsxt_lb_source_ip_persistence_profile.ip_profile"
                    ],
                    "primary": {
                        "id": "c2d3e737-a5e3-4c7f-89b2-dd7d29f632c9",
                        "attributes": {
                            "access_log_enabled": "true",
                            "application_profile_id": "3c8863c6-a141-43be-ab82-09796e771fc5",
                            "default_pool_member_ports.#": "1",
                            "default_pool_member_ports.0": "6443",
                            "description": "lb_virtual_server provisioned by terraform",
                            "display_name": "kube-api",
                            "enabled": "true",
                            "id": "c2d3e737-a5e3-4c7f-89b2-dd7d29f632c9",
                            "ip_address": "192.168.76.250",
                            "max_concurrent_connections": "50",
                            "max_new_connection_rate": "20",
                            "persistence_profile_id": "6b30704a-10dc-4bd9-b50c-8aa092cb0197",
                            "pool_id": "a24f5840-dfd3-4310-8c6d-613a80bed7ff",
                            "ports.#": "1",
                            "ports.0": "6443",
                            "revision": "0",
                            "sorry_pool_id": "",
                            "tag.#": "1",
                            "tag.2174870174.scope": "kube",
                            "tag.2174870174.tag": "api"
                        },
                        "meta": {},
                        "tainted": false
                    },
                    "deposed": [],
                    "provider": "provider.nsxt"
                },
                "nsxt_logical_port.LP-K8S-KUBE": {
                    "type": "nsxt_logical_port",
                    "depends_on": [
                        "nsxt_logical_switch.LS-K8S-KUBE"
                    ],
                    "primary": {
                        "id": "613dccd2-992f-4937-b8d6-974f5a06c51a",
                        "attributes": {
                            "admin_state": "UP",
                            "description": "LP-MGMT provisioned by Terraform",
                            "display_name": "lp-pks-cluster",
                            "id": "613dccd2-992f-4937-b8d6-974f5a06c51a",
                            "logical_switch_id": "148311f6-a938-423c-bd25-c2c542c5e668",
                            "revision": "0",
                            "switching_profile_id.#": "0",
                            "tag.#": "1",
                            "tag.548938841.scope": "kube",
                            "tag.548938841.tag": "k8s"
                        },
                        "meta": {},
                        "tainted": false
                    },
                    "deposed": [],
                    "provider": "provider.nsxt"
                },
                "nsxt_logical_router_downlink_port.K8S_DP1": {
                    "type": "nsxt_logical_router_downlink_port",
                    "depends_on": [
                        "nsxt_logical_port.LP-K8S-KUBE",
                        "nsxt_logical_tier1_router.T1-K8S"
                    ],
                    "primary": {
                        "id": "8a40df5b-e763-458d-bdda-dfe592153f2a",
                        "attributes": {
                            "description": "LIF-K8S provisioned by Terraform",
                            "display_name": "LIF-K8S",
                            "id": "8a40df5b-e763-458d-bdda-dfe592153f2a",
                            "ip_address": "192.168.77.1/24",
                            "linked_logical_switch_port_id": "613dccd2-992f-4937-b8d6-974f5a06c51a",
                            "logical_router_id": "ba985b03-7dda-47e2-b683-74be885b2ece",
                            "mac_address": "02:50:56:56:44:52",
                            "revision": "0",
                            "service_binding.#": "0",
                            "tag.#": "1",
                            "tag.548938841.scope": "kube",
                            "tag.548938841.tag": "k8s",
                            "urpf_mode": "STRICT"
                        },
                        "meta": {},
                        "tainted": false
                    },
                    "deposed": [],
                    "provider": "provider.nsxt"
                },
                "nsxt_logical_router_link_port_on_tier0.T0-K8S-RP": {
                    "type": "nsxt_logical_router_link_port_on_tier0",
                    "depends_on": [
                        "data.nsxt_logical_tier0_router.T0"
                    ],
                    "primary": {
                        "id": "e2dfd9a3-4bb8-4846-9bda-2d9ef42ff0bc",
                        "attributes": {
                            "description": "",
                            "display_name": "t0-kube-rp",
                            "id": "e2dfd9a3-4bb8-4846-9bda-2d9ef42ff0bc",
                            "linked_logical_router_port_id": "",
                            "logical_router_id": "14a6e6ca-10e8-4365-a64d-3f81f41c2955",
                            "revision": "0",
                            "tag.#": "1",
                            "tag.548938841.scope": "kube",
                            "tag.548938841.tag": "k8s"
                        },
                        "meta": {},
                        "tainted": false
                    },
                    "deposed": [],
                    "provider": "provider.nsxt"
                },
                "nsxt_logical_router_link_port_on_tier0.T1-KUBE-RP": {
                    "type": "nsxt_logical_router_link_port_on_tier0",
                    "depends_on": [
                        "data.nsxt_logical_tier0_router.T0"
                    ],
                    "primary": {
                        "id": "fac0bec3-49e9-420f-a4e9-8ccc0acf38d4",
                        "attributes": {
                            "description": "",
                            "display_name": "port_on_tier0",
                            "id": "fac0bec3-49e9-420f-a4e9-8ccc0acf38d4",
                            "linked_logical_router_port_id": "",
                            "logical_router_id": "14a6e6ca-10e8-4365-a64d-3f81f41c2955",
                            "revision": "0",
                            "tag.#": "0"
                        },
                        "meta": {},
                        "tainted": false
                    },
                    "deposed": [],
                    "provider": "provider.nsxt"
                },
                "nsxt_logical_router_link_port_on_tier1.KUBE_DP1": {
                    "type": "nsxt_logical_router_link_port_on_tier1",
                    "depends_on": [
                        "nsxt_logical_router_link_port_on_tier0.T1-KUBE-RP",
                        "nsxt_logical_tier1_router.kube-lb"
                    ],
                    "primary": {
                        "id": "0cdf659f-bb63-4d9b-84bf-8c54dd85841d",
                        "attributes": {
                            "description": "",
                            "display_name": "0cdf659f-bb63-4d9b-84bf-8c54dd85841d",
                            "id": "0cdf659f-bb63-4d9b-84bf-8c54dd85841d",
                            "linked_logical_router_port_id": "fac0bec3-49e9-420f-a4e9-8ccc0acf38d4",
                            "logical_router_id": "fbbb92b3-e9dd-4fcc-bf4c-72312c9413f7",
                            "revision": "0",
                            "tag.#": "0"
                        },
                        "meta": {},
                        "tainted": false
                    },
                    "deposed": [],
                    "provider": "provider.nsxt"
                },
                "nsxt_logical_router_link_port_on_tier1.T1-K8S-RP": {
                    "type": "nsxt_logical_router_link_port_on_tier1",
                    "depends_on": [
                        "nsxt_logical_router_link_port_on_tier0.T0-K8S-RP",
                        "nsxt_logical_tier1_router.T1-K8S"
                    ],
                    "primary": {
                        "id": "8e54db2f-90e8-4f9c-8dc8-2519de2d0da3",
                        "attributes": {
                            "description": "",
                            "display_name": "T1-K8S-RP",
                            "id": "8e54db2f-90e8-4f9c-8dc8-2519de2d0da3",
                            "linked_logical_router_port_id": "e2dfd9a3-4bb8-4846-9bda-2d9ef42ff0bc",
                            "logical_router_id": "ba985b03-7dda-47e2-b683-74be885b2ece",
                            "revision": "0",
                            "tag.#": "1",
                            "tag.548938841.scope": "kube",
                            "tag.548938841.tag": "k8s"
                        },
                        "meta": {},
                        "tainted": false
                    },
                    "deposed": [],
                    "provider": "provider.nsxt"
                },
                "nsxt_logical_switch.LS-K8S-KUBE": {
                    "type": "nsxt_logical_switch",
                    "depends_on": [
                        "data.nsxt_transport_zone.TZ-OVERLAY"
                    ],
                    "primary": {
                        "id": "148311f6-a938-423c-bd25-c2c542c5e668",
                        "attributes": {
                            "address_binding.#": "0",
                            "admin_state": "UP",
                            "description": "Kube comp provisioned by Terraform",
                            "display_name": "ls-kube-cluster",
                            "id": "148311f6-a938-423c-bd25-c2c542c5e668",
                            "ip_pool_id": "",
                            "mac_pool_id": "",
                            "replication_mode": "MTEP",
                            "revision": "0",
                            "switching_profile_id.#": "0",
                            "tag.#": "1",
                            "tag.548938841.scope": "kube",
                            "tag.548938841.tag": "k8s",
                            "transport_zone_id": "26c32dbf-8a85-4365-9557-ad5fbe53febb",
                            "vlan": "0",
                            "vni": "65560"
                        },
                        "meta": {},
                        "tainted": false
                    },
                    "deposed": [],
                    "provider": "provider.nsxt"
                },
                "nsxt_logical_tier1_router.T1-K8S": {
                    "type": "nsxt_logical_tier1_router",
                    "depends_on": [],
                    "primary": {
                        "id": "ba985b03-7dda-47e2-b683-74be885b2ece",
                        "attributes": {
                            "advertise_config_revision": "1",
                            "advertise_connected_routes": "true",
                            "advertise_lb_snat_ip_routes": "false",
                            "advertise_lb_vip_routes": "false",
                            "advertise_nat_routes": "false",
                            "advertise_static_routes": "false",
                            "description": "T1 provisioned by Terraform",
                            "display_name": "t1-kube-cluster",
                            "edge_cluster_id": "",
                            "enable_router_advertisement": "true",
                            "failover_mode": "",
                            "firewall_sections.#": "1",
                            "firewall_sections.0.is_valid": "true",
                            "firewall_sections.0.target_display_name": "",
                            "firewall_sections.0.target_id": "173fdbf0-b0f0-4995-a43c-9e5c8d25db4d",
                            "firewall_sections.0.target_type": "FirewallSection",
                            "id": "ba985b03-7dda-47e2-b683-74be885b2ece",
                            "revision": "0",
                            "tag.#": "1",
                            "tag.548938841.scope": "kube",
                            "tag.548938841.tag": "k8s"
                        },
                        "meta": {},
                        "tainted": false
                    },
                    "deposed": [],
                    "provider": "provider.nsxt"
                },
                "nsxt_logical_tier1_router.kube-lb": {
                    "type": "nsxt_logical_tier1_router",
                    "depends_on": [
                        "data.nsxt_edge_cluster.EDGE-CLUSTER"
                    ],
                    "primary": {
                        "id": "fbbb92b3-e9dd-4fcc-bf4c-72312c9413f7",
                        "attributes": {
                            "advertise_config_revision": "0",
                            "advertise_connected_routes": "false",
                            "advertise_lb_snat_ip_routes": "false",
                            "advertise_lb_vip_routes": "false",
                            "advertise_nat_routes": "false",
                            "advertise_static_routes": "false",
                            "description": "",
                            "display_name": "test",
                            "edge_cluster_id": "6de6d676-eb5d-477f-84f9-c9ed243f02d9",
                            "enable_router_advertisement": "false",
                            "failover_mode": "PREEMPTIVE",
                            "firewall_sections.#": "1",
                            "firewall_sections.0.is_valid": "true",
                            "firewall_sections.0.target_display_name": "",
                            "firewall_sections.0.target_id": "266ac0a6-30b7-457f-ad8a-6a899ef526ad",
                            "firewall_sections.0.target_type": "FirewallSection",
                            "id": "fbbb92b3-e9dd-4fcc-bf4c-72312c9413f7",
                            "revision": "0",
                            "tag.#": "0"
                        },
                        "meta": {},
                        "tainted": false
                    },
                    "deposed": [],
                    "provider": "provider.nsxt"
                }
            },
            "depends_on": []
        }
    ]
}
